// !$*UTF8*$!
{
	archiveVersion = 1;
	classes = {
	};
	objectVersion = 56;
	objects = {

/* Begin PBXBuildFile section */
		B1FB37162A394C3200A10588 /* TouchdownApp.swift in Sources */ = {isa = PBXBuildFile; fileRef = B1FB37152A394C3200A10588 /* TouchdownApp.swift */; };
		B1FB37182A394C3200A10588 /* ContentView.swift in Sources */ = {isa = PBXBuildFile; fileRef = B1FB37172A394C3200A10588 /* ContentView.swift */; };
		B1FB371A2A394C3300A10588 /* Assets.xcassets in Resources */ = {isa = PBXBuildFile; fileRef = B1FB37192A394C3300A10588 /* Assets.xcassets */; };
		B1FB371D2A394C3300A10588 /* Preview Assets.xcassets in Resources */ = {isa = PBXBuildFile; fileRef = B1FB371C2A394C3300A10588 /* Preview Assets.xcassets */; };
		B1FB37282A394CE300A10588 /* brand.json in Resources */ = {isa = PBXBuildFile; fileRef = B1FB37242A394CE300A10588 /* brand.json */; };
		B1FB37292A394CE300A10588 /* player.json in Resources */ = {isa = PBXBuildFile; fileRef = B1FB37252A394CE300A10588 /* player.json */; };
		B1FB372A2A394CE300A10588 /* product.json in Resources */ = {isa = PBXBuildFile; fileRef = B1FB37262A394CE300A10588 /* product.json */; };
		B1FB372B2A394CE300A10588 /* category.json in Resources */ = {isa = PBXBuildFile; fileRef = B1FB37272A394CE300A10588 /* category.json */; };
		B1FB37362A394E6500A10588 /* Constant.swift in Sources */ = {isa = PBXBuildFile; fileRef = B1FB37352A394E6500A10588 /* Constant.swift */; };
		B1FB37382A394EEB00A10588 /* FooterView.swift in Sources */ = {isa = PBXBuildFile; fileRef = B1FB37372A394EEB00A10588 /* FooterView.swift */; };
		B1FB373A2A3BC55700A10588 /* NavigationBarView.swift in Sources */ = {isa = PBXBuildFile; fileRef = B1FB37392A3BC55700A10588 /* NavigationBarView.swift */; };
		B1FB373C2A3BC63C00A10588 /* LogoView.swift in Sources */ = {isa = PBXBuildFile; fileRef = B1FB373B2A3BC63C00A10588 /* LogoView.swift */; };
		B1FB373E2A3BD8BC00A10588 /* Player.swift in Sources */ = {isa = PBXBuildFile; fileRef = B1FB373D2A3BD8BB00A10588 /* Player.swift */; };
		B1FB37402A3BD8E000A10588 /* BundleExtension.swift in Sources */ = {isa = PBXBuildFile; fileRef = B1FB373F2A3BD8E000A10588 /* BundleExtension.swift */; };
		B1FB37422A3BDB2400A10588 /* PlayerBannerItemView.swift in Sources */ = {isa = PBXBuildFile; fileRef = B1FB37412A3BDB2400A10588 /* PlayerBannerItemView.swift */; };
		B1FB37442A3BDBAD00A10588 /* BannerPaginatorView.swift in Sources */ = {isa = PBXBuildFile; fileRef = B1FB37432A3BDBAC00A10588 /* BannerPaginatorView.swift */; };
		B1FB37462A3BE48D00A10588 /* Category.swift in Sources */ = {isa = PBXBuildFile; fileRef = B1FB37452A3BE48D00A10588 /* Category.swift */; };
		B1FB37482A3BE57800A10588 /* CategoryItemView.swift in Sources */ = {isa = PBXBuildFile; fileRef = B1FB37472A3BE57800A10588 /* CategoryItemView.swift */; };
		B1FB374A2A3BE65F00A10588 /* CategoryGridView.swift in Sources */ = {isa = PBXBuildFile; fileRef = B1FB37492A3BE65F00A10588 /* CategoryGridView.swift */; };
		B1FB374C2A3BE76500A10588 /* SectionView.swift in Sources */ = {isa = PBXBuildFile; fileRef = B1FB374B2A3BE76500A10588 /* SectionView.swift */; };
/* End PBXBuildFile section */

/* Begin PBXFileReference section */
		B1FB37122A394C3200A10588 /* Touchdown.app */ = {isa = PBXFileReference; explicitFileType = wrapper.application; includeInIndex = 0; path = Touchdown.app; sourceTree = BUILT_PRODUCTS_DIR; };
		B1FB37152A394C3200A10588 /* TouchdownApp.swift */ = {isa = PBXFileReference; lastKnownFileType = sourcecode.swift; path = TouchdownApp.swift; sourceTree = "<group>"; };
		B1FB37172A394C3200A10588 /* ContentView.swift */ = {isa = PBXFileReference; lastKnownFileType = sourcecode.swift; path = ContentView.swift; sourceTree = "<group>"; };
		B1FB37192A394C3300A10588 /* Assets.xcassets */ = {isa = PBXFileReference; lastKnownFileType = folder.assetcatalog; path = Assets.xcassets; sourceTree = "<group>"; };
		B1FB371C2A394C3300A10588 /* Preview Assets.xcassets */ = {isa = PBXFileReference; lastKnownFileType = folder.assetcatalog; path = "Preview Assets.xcassets"; sourceTree = "<group>"; };
		B1FB37242A394CE300A10588 /* brand.json */ = {isa = PBXFileReference; fileEncoding = 4; lastKnownFileType = text.json; path = brand.json; sourceTree = "<group>"; };
		B1FB37252A394CE300A10588 /* player.json */ = {isa = PBXFileReference; fileEncoding = 4; lastKnownFileType = text.json; path = player.json; sourceTree = "<group>"; };
		B1FB37262A394CE300A10588 /* product.json */ = {isa = PBXFileReference; fileEncoding = 4; lastKnownFileType = text.json; path = product.json; sourceTree = "<group>"; };
		B1FB37272A394CE300A10588 /* category.json */ = {isa = PBXFileReference; fileEncoding = 4; lastKnownFileType = text.json; path = category.json; sourceTree = "<group>"; };
		B1FB372C2A394D8800A10588 /* Info.plist */ = {isa = PBXFileReference; lastKnownFileType = text.plist; path = Info.plist; sourceTree = "<group>"; };
		B1FB37352A394E6500A10588 /* Constant.swift */ = {isa = PBXFileReference; lastKnownFileType = sourcecode.swift; path = Constant.swift; sourceTree = "<group>"; };
		B1FB37372A394EEB00A10588 /* FooterView.swift */ = {isa = PBXFileReference; lastKnownFileType = sourcecode.swift; path = FooterView.swift; sourceTree = "<group>"; };
		B1FB37392A3BC55700A10588 /* NavigationBarView.swift */ = {isa = PBXFileReference; lastKnownFileType = sourcecode.swift; path = NavigationBarView.swift; sourceTree = "<group>"; };
		B1FB373B2A3BC63C00A10588 /* LogoView.swift */ = {isa = PBXFileReference; lastKnownFileType = sourcecode.swift; path = LogoView.swift; sourceTree = "<group>"; };
		B1FB373D2A3BD8BB00A10588 /* Player.swift */ = {isa = PBXFileReference; lastKnownFileType = sourcecode.swift; path = Player.swift; sourceTree = "<group>"; };
		B1FB373F2A3BD8E000A10588 /* BundleExtension.swift */ = {isa = PBXFileReference; lastKnownFileType = sourcecode.swift; path = BundleExtension.swift; sourceTree = "<group>"; };
		B1FB37412A3BDB2400A10588 /* PlayerBannerItemView.swift */ = {isa = PBXFileReference; lastKnownFileType = sourcecode.swift; path = PlayerBannerItemView.swift; sourceTree = "<group>"; };
		B1FB37432A3BDBAC00A10588 /* BannerPaginatorView.swift */ = {isa = PBXFileReference; lastKnownFileType = sourcecode.swift; path = BannerPaginatorView.swift; sourceTree = "<group>"; };
		B1FB37452A3BE48D00A10588 /* Category.swift */ = {isa = PBXFileReference; lastKnownFileType = sourcecode.swift; path = Category.swift; sourceTree = "<group>"; };
		B1FB37472A3BE57800A10588 /* CategoryItemView.swift */ = {isa = PBXFileReference; lastKnownFileType = sourcecode.swift; path = CategoryItemView.swift; sourceTree = "<group>"; };
		B1FB37492A3BE65F00A10588 /* CategoryGridView.swift */ = {isa = PBXFileReference; lastKnownFileType = sourcecode.swift; path = CategoryGridView.swift; sourceTree = "<group>"; };
		B1FB374B2A3BE76500A10588 /* SectionView.swift */ = {isa = PBXFileReference; lastKnownFileType = sourcecode.swift; path = SectionView.swift; sourceTree = "<group>"; };
/* End PBXFileReference section */

/* Begin PBXFrameworksBuildPhase section */
		B1FB370F2A394C3200A10588 /* Frameworks */ = {
			isa = PBXFrameworksBuildPhase;
			buildActionMask = 2147483647;
			files = (
			);
			runOnlyForDeploymentPostprocessing = 0;
		};
/* End PBXFrameworksBuildPhase section */

/* Begin PBXGroup section */
		B1FB37092A394C3200A10588 = {
			isa = PBXGroup;
			children = (
				B1FB37142A394C3200A10588 /* Touchdown */,
				B1FB37132A394C3200A10588 /* Products */,
			);
			sourceTree = "<group>";
		};
		B1FB37132A394C3200A10588 /* Products */ = {
			isa = PBXGroup;
			children = (
				B1FB37122A394C3200A10588 /* Touchdown.app */,
			);
			name = Products;
			sourceTree = "<group>";
		};
		B1FB37142A394C3200A10588 /* Touchdown */ = {
			isa = PBXGroup;
			children = (
				B1FB37342A394E3900A10588 /* Utils */,
				B1FB37332A394E3300A10588 /* Extension */,
				B1FB37322A394E2D00A10588 /* Model */,
				B1FB372D2A394DED00A10588 /* App */,
				B1FB372C2A394D8800A10588 /* Info.plist */,
				B1FB37232A394CD500A10588 /* Data */,
				B1FB37192A394C3300A10588 /* Assets.xcassets */,
				B1FB371B2A394C3300A10588 /* Preview Content */,
			);
			path = Touchdown;
			sourceTree = "<group>";
		};
		B1FB371B2A394C3300A10588 /* Preview Content */ = {
			isa = PBXGroup;
			children = (
				B1FB371C2A394C3300A10588 /* Preview Assets.xcassets */,
			);
			path = "Preview Content";
			sourceTree = "<group>";
		};
		B1FB37232A394CD500A10588 /* Data */ = {
			isa = PBXGroup;
			children = (
				B1FB37242A394CE300A10588 /* brand.json */,
				B1FB37272A394CE300A10588 /* category.json */,
				B1FB37252A394CE300A10588 /* player.json */,
				B1FB37262A394CE300A10588 /* product.json */,
			);
			path = Data;
			sourceTree = "<group>";
		};
		B1FB372D2A394DED00A10588 /* App */ = {
			isa = PBXGroup;
			children = (
				B1FB372E2A394DF300A10588 /* View */,
				B1FB37152A394C3200A10588 /* TouchdownApp.swift */,
			);
			path = App;
			sourceTree = "<group>";
		};
		B1FB372E2A394DF300A10588 /* View */ = {
			isa = PBXGroup;
			children = (
				B1FB37312A394E2000A10588 /* Detail */,
				B1FB37302A394E1800A10588 /* Home */,
			);
			path = View;
			sourceTree = "<group>";
		};
		B1FB37302A394E1800A10588 /* Home */ = {
			isa = PBXGroup;
			children = (
				B1FB37172A394C3200A10588 /* ContentView.swift */,
				B1FB37372A394EEB00A10588 /* FooterView.swift */,
				B1FB37392A3BC55700A10588 /* NavigationBarView.swift */,
				B1FB373B2A3BC63C00A10588 /* LogoView.swift */,
				B1FB37412A3BDB2400A10588 /* PlayerBannerItemView.swift */,
				B1FB37432A3BDBAC00A10588 /* BannerPaginatorView.swift */,
				B1FB37472A3BE57800A10588 /* CategoryItemView.swift */,
				B1FB37492A3BE65F00A10588 /* CategoryGridView.swift */,
				B1FB374B2A3BE76500A10588 /* SectionView.swift */,
			);
			path = Home;
			sourceTree = "<group>";
		};
		B1FB37312A394E2000A10588 /* Detail */ = {
			isa = PBXGroup;
			children = (
			);
			path = Detail;
			sourceTree = "<group>";
		};
		B1FB37322A394E2D00A10588 /* Model */ = {
			isa = PBXGroup;
			children = (
				B1FB373D2A3BD8BB00A10588 /* Player.swift */,
				B1FB37452A3BE48D00A10588 /* Category.swift */,
			);
			path = Model;
			sourceTree = "<group>";
		};
		B1FB37332A394E3300A10588 /* Extension */ = {
			isa = PBXGroup;
			children = (
				B1FB373F2A3BD8E000A10588 /* BundleExtension.swift */,
			);
			path = Extension;
			sourceTree = "<group>";
		};
		B1FB37342A394E3900A10588 /* Utils */ = {
			isa = PBXGroup;
			children = (
				B1FB37352A394E6500A10588 /* Constant.swift */,
			);
			path = Utils;
			sourceTree = "<group>";
		};
/* End PBXGroup section */

/* Begin PBXNativeTarget section */
		B1FB37112A394C3200A10588 /* Touchdown */ = {
			isa = PBXNativeTarget;
			buildConfigurationList = B1FB37202A394C3300A10588 /* Build configuration list for PBXNativeTarget "Touchdown" */;
			buildPhases = (
				B1FB370E2A394C3200A10588 /* Sources */,
				B1FB370F2A394C3200A10588 /* Frameworks */,
				B1FB37102A394C3200A10588 /* Resources */,
			);
			buildRules = (
			);
			dependencies = (
			);
			name = Touchdown;
			productName = Touchdown;
			productReference = B1FB37122A394C3200A10588 /* Touchdown.app */;
			productType = "com.apple.product-type.application";
		};
/* End PBXNativeTarget section */

/* Begin PBXProject section */
		B1FB370A2A394C3200A10588 /* Project object */ = {
			isa = PBXProject;
			attributes = {
				BuildIndependentTargetsInParallel = 1;
				LastSwiftUpdateCheck = 1430;
				LastUpgradeCheck = 1430;
				TargetAttributes = {
					B1FB37112A394C3200A10588 = {
						CreatedOnToolsVersion = 14.3.1;
					};
				};
			};
			buildConfigurationList = B1FB370D2A394C3200A10588 /* Build configuration list for PBXProject "Touchdown" */;
			compatibilityVersion = "Xcode 14.0";
			developmentRegion = en;
			hasScannedForEncodings = 0;
			knownRegions = (
				en,
				Base,
			);
			mainGroup = B1FB37092A394C3200A10588;
			productRefGroup = B1FB37132A394C3200A10588 /* Products */;
			projectDirPath = "";
			projectRoot = "";
			targets = (
				B1FB37112A394C3200A10588 /* Touchdown */,
			);
		};
/* End PBXProject section */

/* Begin PBXResourcesBuildPhase section */
		B1FB37102A394C3200A10588 /* Resources */ = {
			isa = PBXResourcesBuildPhase;
			buildActionMask = 2147483647;
			files = (
				B1FB37292A394CE300A10588 /* player.json in Resources */,
				B1FB371D2A394C3300A10588 /* Preview Assets.xcassets in Resources */,
				B1FB371A2A394C3300A10588 /* Assets.xcassets in Resources */,
				B1FB372B2A394CE300A10588 /* category.json in Resources */,
				B1FB37282A394CE300A10588 /* brand.json in Resources */,
				B1FB372A2A394CE300A10588 /* product.json in Resources */,
			);
			runOnlyForDeploymentPostprocessing = 0;
		};
/* End PBXResourcesBuildPhase section */

/* Begin PBXSourcesBuildPhase section */
		B1FB370E2A394C3200A10588 /* Sources */ = {
			isa = PBXSourcesBuildPhase;
			buildActionMask = 2147483647;
			files = (
				B1FB37182A394C3200A10588 /* ContentView.swift in Sources */,
				B1FB373C2A3BC63C00A10588 /* LogoView.swift in Sources */,
				B1FB37382A394EEB00A10588 /* FooterView.swift in Sources */,
				B1FB37162A394C3200A10588 /* TouchdownApp.swift in Sources */,
				B1FB37422A3BDB2400A10588 /* PlayerBannerItemView.swift in Sources */,
				B1FB37362A394E6500A10588 /* Constant.swift in Sources */,
				B1FB373A2A3BC55700A10588 /* NavigationBarView.swift in Sources */,
				B1FB374A2A3BE65F00A10588 /* CategoryGridView.swift in Sources */,
				B1FB373E2A3BD8BC00A10588 /* Player.swift in Sources */,
				B1FB37442A3BDBAD00A10588 /* BannerPaginatorView.swift in Sources */,
				B1FB374C2A3BE76500A10588 /* SectionView.swift in Sources */,
				B1FB37482A3BE57800A10588 /* CategoryItemView.swift in Sources */,
				B1FB37402A3BD8E000A10588 /* BundleExtension.swift in Sources */,
				B1FB37462A3BE48D00A10588 /* Category.swift in Sources */,
			);
			runOnlyForDeploymentPostprocessing = 0;
		};
/* End PBXSourcesBuildPhase section */

/* Begin XCBuildConfiguration section */
		B1FB371E2A394C3300A10588 /* Debug */ = {
			isa = XCBuildConfiguration;
			buildSettings = {
				ALWAYS_SEARCH_USER_PATHS = NO;
				CLANG_ANALYZER_NONNULL = YES;
				CLANG_ANALYZER_NUMBER_OBJECT_CONVERSION = YES_AGGRESSIVE;
				CLANG_CXX_LANGUAGE_STANDARD = "gnu++20";
				CLANG_ENABLE_MODULES = YES;
				CLANG_ENABLE_OBJC_ARC = YES;
				CLANG_ENABLE_OBJC_WEAK = YES;
				CLANG_WARN_BLOCK_CAPTURE_AUTORELEASING = YES;
				CLANG_WARN_BOOL_CONVERSION = YES;
				CLANG_WARN_COMMA = YES;
				CLANG_WARN_CONSTANT_CONVERSION = YES;
				CLANG_WARN_DEPRECATED_OBJC_IMPLEMENTATIONS = YES;
				CLANG_WARN_DIRECT_OBJC_ISA_USAGE = YES_ERROR;
				CLANG_WARN_DOCUMENTATION_COMMENTS = YES;
				CLANG_WARN_EMPTY_BODY = YES;
				CLANG_WARN_ENUM_CONVERSION = YES;
				CLANG_WARN_INFINITE_RECURSION = YES;
				CLANG_WARN_INT_CONVERSION = YES;
				CLANG_WARN_NON_LITERAL_NULL_CONVERSION = YES;
				CLANG_WARN_OBJC_IMPLICIT_RETAIN_SELF = YES;
				CLANG_WARN_OBJC_LITERAL_CONVERSION = YES;
				CLANG_WARN_OBJC_ROOT_CLASS = YES_ERROR;
				CLANG_WARN_QUOTED_INCLUDE_IN_FRAMEWORK_HEADER = YES;
				CLANG_WARN_RANGE_LOOP_ANALYSIS = YES;
				CLANG_WARN_STRICT_PROTOTYPES = YES;
				CLANG_WARN_SUSPICIOUS_MOVE = YES;
				CLANG_WARN_UNGUARDED_AVAILABILITY = YES_AGGRESSIVE;
				CLANG_WARN_UNREACHABLE_CODE = YES;
				CLANG_WARN__DUPLICATE_METHOD_MATCH = YES;
				COPY_PHASE_STRIP = NO;
				DEBUG_INFORMATION_FORMAT = dwarf;
				ENABLE_STRICT_OBJC_MSGSEND = YES;
				ENABLE_TESTABILITY = YES;
				GCC_C_LANGUAGE_STANDARD = gnu11;
				GCC_DYNAMIC_NO_PIC = NO;
				GCC_NO_COMMON_BLOCKS = YES;
				GCC_OPTIMIZATION_LEVEL = 0;
				GCC_PREPROCESSOR_DEFINITIONS = (
					"DEBUG=1",
					"$(inherited)",
				);
				GCC_WARN_64_TO_32_BIT_CONVERSION = YES;
				GCC_WARN_ABOUT_RETURN_TYPE = YES_ERROR;
				GCC_WARN_UNDECLARED_SELECTOR = YES;
				GCC_WARN_UNINITIALIZED_AUTOS = YES_AGGRESSIVE;
				GCC_WARN_UNUSED_FUNCTION = YES;
				GCC_WARN_UNUSED_VARIABLE = YES;
				IPHONEOS_DEPLOYMENT_TARGET = 16.4;
				MTL_ENABLE_DEBUG_INFO = INCLUDE_SOURCE;
				MTL_FAST_MATH = YES;
				ONLY_ACTIVE_ARCH = YES;
				SDKROOT = iphoneos;
				SWIFT_ACTIVE_COMPILATION_CONDITIONS = DEBUG;
				SWIFT_OPTIMIZATION_LEVEL = "-Onone";
			};
			name = Debug;
		};
		B1FB371F2A394C3300A10588 /* Release */ = {
			isa = XCBuildConfiguration;
			buildSettings = {
				ALWAYS_SEARCH_USER_PATHS = NO;
				CLANG_ANALYZER_NONNULL = YES;
				CLANG_ANALYZER_NUMBER_OBJECT_CONVERSION = YES_AGGRESSIVE;
				CLANG_CXX_LANGUAGE_STANDARD = "gnu++20";
				CLANG_ENABLE_MODULES = YES;
				CLANG_ENABLE_OBJC_ARC = YES;
				CLANG_ENABLE_OBJC_WEAK = YES;
				CLANG_WARN_BLOCK_CAPTURE_AUTORELEASING = YES;
				CLANG_WARN_BOOL_CONVERSION = YES;
				CLANG_WARN_COMMA = YES;
				CLANG_WARN_CONSTANT_CONVERSION = YES;
				CLANG_WARN_DEPRECATED_OBJC_IMPLEMENTATIONS = YES;
				CLANG_WARN_DIRECT_OBJC_ISA_USAGE = YES_ERROR;
				CLANG_WARN_DOCUMENTATION_COMMENTS = YES;
				CLANG_WARN_EMPTY_BODY = YES;
				CLANG_WARN_ENUM_CONVERSION = YES;
				CLANG_WARN_INFINITE_RECURSION = YES;
				CLANG_WARN_INT_CONVERSION = YES;
				CLANG_WARN_NON_LITERAL_NULL_CONVERSION = YES;
				CLANG_WARN_OBJC_IMPLICIT_RETAIN_SELF = YES;
				CLANG_WARN_OBJC_LITERAL_CONVERSION = YES;
				CLANG_WARN_OBJC_ROOT_CLASS = YES_ERROR;
				CLANG_WARN_QUOTED_INCLUDE_IN_FRAMEWORK_HEADER = YES;
				CLANG_WARN_RANGE_LOOP_ANALYSIS = YES;
				CLANG_WARN_STRICT_PROTOTYPES = YES;
				CLANG_WARN_SUSPICIOUS_MOVE = YES;
				CLANG_WARN_UNGUARDED_AVAILABILITY = YES_AGGRESSIVE;
				CLANG_WARN_UNREACHABLE_CODE = YES;
				CLANG_WARN__DUPLICATE_METHOD_MATCH = YES;
				COPY_PHASE_STRIP = NO;
				DEBUG_INFORMATION_FORMAT = "dwarf-with-dsym";
				ENABLE_NS_ASSERTIONS = NO;
				ENABLE_STRICT_OBJC_MSGSEND = YES;
				GCC_C_LANGUAGE_STANDARD = gnu11;
				GCC_NO_COMMON_BLOCKS = YES;
				GCC_WARN_64_TO_32_BIT_CONVERSION = YES;
				GCC_WARN_ABOUT_RETURN_TYPE = YES_ERROR;
				GCC_WARN_UNDECLARED_SELECTOR = YES;
				GCC_WARN_UNINITIALIZED_AUTOS = YES_AGGRESSIVE;
				GCC_WARN_UNUSED_FUNCTION = YES;
				GCC_WARN_UNUSED_VARIABLE = YES;
				IPHONEOS_DEPLOYMENT_TARGET = 16.4;
				MTL_ENABLE_DEBUG_INFO = NO;
				MTL_FAST_MATH = YES;
				SDKROOT = iphoneos;
				SWIFT_COMPILATION_MODE = wholemodule;
				SWIFT_OPTIMIZATION_LEVEL = "-O";
				VALIDATE_PRODUCT = YES;
			};
			name = Release;
		};
		B1FB37212A394C3300A10588 /* Debug */ = {
			isa = XCBuildConfiguration;
			buildSettings = {
				ASSETCATALOG_COMPILER_APPICON_NAME = AppIcon;
				ASSETCATALOG_COMPILER_GLOBAL_ACCENT_COLOR_NAME = AccentColor;
				CODE_SIGN_STYLE = Automatic;
				CURRENT_PROJECT_VERSION = 1;
				DEVELOPMENT_ASSET_PATHS = "\"Touchdown/Preview Content\"";
				DEVELOPMENT_TEAM = Y487CY958A;
				ENABLE_PREVIEWS = YES;
				GENERATE_INFOPLIST_FILE = YES;
				INFOPLIST_FILE = Touchdown/Info.plist;
				INFOPLIST_KEY_LSApplicationCategoryType = "public.app-category.sports";
				INFOPLIST_KEY_UIApplicationSceneManifest_Generation = YES;
				INFOPLIST_KEY_UIApplicationSupportsIndirectInputEvents = YES;
				INFOPLIST_KEY_UISupportedInterfaceOrientations = UIInterfaceOrientationPortrait;
				INFOPLIST_KEY_UIUserInterfaceStyle = Light;
				LD_RUNPATH_SEARCH_PATHS = (
					"$(inherited)",
					"@executable_path/Frameworks",
				);
				MARKETING_VERSION = 1.0;
				PRODUCT_BUNDLE_IDENTIFIER = com.programou.Touchdown;
				PRODUCT_NAME = "$(TARGET_NAME)";
				SUPPORTED_PLATFORMS = "iphoneos iphonesimulator";
				SUPPORTS_MACCATALYST = NO;
				SUPPORTS_MAC_DESIGNED_FOR_IPHONE_IPAD = NO;
				SWIFT_EMIT_LOC_STRINGS = YES;
				SWIFT_VERSION = 5.0;
				TARGETED_DEVICE_FAMILY = 1;
			};
			name = Debug;
		};
		B1FB37222A394C3300A10588 /* Release */ = {
			isa = XCBuildConfiguration;
			buildSettings = {
				ASSETCATALOG_COMPILER_APPICON_NAME = AppIcon;
				ASSETCATALOG_COMPILER_GLOBAL_ACCENT_COLOR_NAME = AccentColor;
				CODE_SIGN_STYLE = Automatic;
				CURRENT_PROJECT_VERSION = 1;
				DEVELOPMENT_ASSET_PATHS = "\"Touchdown/Preview Content\"";
				DEVELOPMENT_TEAM = Y487CY958A;
				ENABLE_PREVIEWS = YES;
				GENERATE_INFOPLIST_FILE = YES;
				INFOPLIST_FILE = Touchdown/Info.plist;
				INFOPLIST_KEY_LSApplicationCategoryType = "public.app-category.sports";
				INFOPLIST_KEY_UIApplicationSceneManifest_Generation = YES;
				INFOPLIST_KEY_UIApplicationSupportsIndirectInputEvents = YES;
				INFOPLIST_KEY_UISupportedInterfaceOrientations = UIInterfaceOrientationPortrait;
				INFOPLIST_KEY_UIUserInterfaceStyle = Light;
				LD_RUNPATH_SEARCH_PATHS = (
					"$(inherited)",
					"@executable_path/Frameworks",
				);
				MARKETING_VERSION = 1.0;
				PRODUCT_BUNDLE_IDENTIFIER = com.programou.Touchdown;
				PRODUCT_NAME = "$(TARGET_NAME)";
				SUPPORTED_PLATFORMS = "iphoneos iphonesimulator";
				SUPPORTS_MACCATALYST = NO;
				SUPPORTS_MAC_DESIGNED_FOR_IPHONE_IPAD = NO;
				SWIFT_EMIT_LOC_STRINGS = YES;
				SWIFT_VERSION = 5.0;
				TARGETED_DEVICE_FAMILY = 1;
			};
			name = Release;
		};
/* End XCBuildConfiguration section */

/* Begin XCConfigurationList section */
		B1FB370D2A394C3200A10588 /* Build configuration list for PBXProject "Touchdown" */ = {
			isa = XCConfigurationList;
			buildConfigurations = (
				B1FB371E2A394C3300A10588 /* Debug */,
				B1FB371F2A394C3300A10588 /* Release */,
			);
			defaultConfigurationIsVisible = 0;
			defaultConfigurationName = Release;
		};
		B1FB37202A394C3300A10588 /* Build configuration list for PBXNativeTarget "Touchdown" */ = {
			isa = XCConfigurationList;
			buildConfigurations = (
				B1FB37212A394C3300A10588 /* Debug */,
				B1FB37222A394C3300A10588 /* Release */,
			);
			defaultConfigurationIsVisible = 0;
			defaultConfigurationName = Release;
		};
/* End XCConfigurationList section */
	};
	rootObject = B1FB370A2A394C3200A10588 /* Project object */;
}
